
Microsoft Visual Studio Solution File, Format Version 12.00
# Visual Studio Version 16
VisualStudioVersion = 16.0.29424.173
MinimumVisualStudioVersion = 10.0.40219.1
Project("{9A19103F-16F7-4668-BE54-9A1E7A4F7556}") = "Euromonitor", "Euromonitor.csproj", "{286162E5-7259-48B3-8CA6-D803DBFE1D22}"
EndProject
Global
	GlobalSection(SolutionConfigurationPlatforms) = preSolution
		Debug|Any CPU = Debug|Any CPU
		Release|Any CPU = Release|Any CPU
	EndGlobalSection
	GlobalSection(ProjectConfigurationPlatforms) = postSolution
		{286162E5-7259-48B3-8CA6-D803DBFE1D22}.Debug|Any CPU.ActiveCfg = Debug|Any CPU
		{286162E5-7259-48B3-8CA6-D803DBFE1D22}.Debug|Any CPU.Build.0 = Debug|Any CPU
		{286162E5-7259-48B3-8CA6-D803DBFE1D22}.Release|Any CPU.ActiveCfg = Release|Any CPU
		{286162E5-7259-48B3-8CA6-D803DBFE1D22}.Release|Any CPU.Build.0 = Release|Any CPU
	EndGlobalSection
	GlobalSection(SolutionProperties) = preSolution
		HideSolutionNode = FALSE
	EndGlobalSection
	GlobalSection(ExtensibilityGlobals) = postSolution
		SolutionGuid = {5693F2E4-DC51-41F4-A96C-6E334D755244}
	EndGlobalSection
EndGlobal
